# This file is automatically @generated by Poetry 1.8.5 and should not be changed by hand.

[[package]]
name = "numpy"
version = "2.3.1"
description = "Fundamental package for array computing in Python"
optional = false
python-versions = ">=3.11"
files = [
    {file = "numpy-2.3.1-cp311-cp311-macosx_10_9_x86_64.whl", hash = "sha256:6ea9e48336a402551f52cd8f593343699003d2353daa4b72ce8d34f66b722070"},
    {file = "numpy-2.3.1-cp311-cp311-macosx_11_0_arm64.whl", hash = "sha256:5ccb7336eaf0e77c1635b232c141846493a588ec9ea777a7c24d7166bb8533ae"},
    {file = "numpy-2.3.1-cp311-cp311-macosx_14_0_arm64.whl", hash = "sha256:0bb3a4a61e1d327e035275d2a993c96fa786e4913aa089843e6a2d9dd205c66a"},
    {file = "numpy-2.3.1-cp311-cp311-macosx_14_0_x86_64.whl", hash = "sha256:e344eb79dab01f1e838ebb67aab09965fb271d6da6b00adda26328ac27d4a66e"},
    {file = "numpy-2.3.1-cp311-cp311-manylinux_2_28_aarch64.whl", hash = "sha256:467db865b392168ceb1ef1ffa6f5a86e62468c43e0cfb4ab6da667ede10e58db"},
    {file = "numpy-2.3.1-cp311-cp311-manylinux_2_28_x86_64.whl", hash = "sha256:afed2ce4a84f6b0fc6c1ce734ff368cbf5a5e24e8954a338f3bdffa0718adffb"},
    {file = "numpy-2.3.1-cp311-cp311-musllinux_1_2_aarch64.whl", hash = "sha256:0025048b3c1557a20bc80d06fdeb8cc7fc193721484cca82b2cfa072fec71a93"},
    {file = "numpy-2.3.1-cp311-cp311-musllinux_1_2_x86_64.whl", hash = "sha256:a5ee121b60aa509679b682819c602579e1df14a5b07fe95671c8849aad8f2115"},
    {file = "numpy-2.3.1-cp311-cp311-win32.whl", hash = "sha256:a8b740f5579ae4585831b3cf0e3b0425c667274f82a484866d2adf9570539369"},
    {file = "numpy-2.3.1-cp311-cp311-win_amd64.whl", hash = "sha256:d4580adadc53311b163444f877e0789f1c8861e2698f6b2a4ca852fda154f3ff"},
    {file = "numpy-2.3.1-cp311-cp311-win_arm64.whl", hash = "sha256:ec0bdafa906f95adc9a0c6f26a4871fa753f25caaa0e032578a30457bff0af6a"},
    {file = "numpy-2.3.1-cp312-cp312-macosx_10_13_x86_64.whl", hash = "sha256:2959d8f268f3d8ee402b04a9ec4bb7604555aeacf78b360dc4ec27f1d508177d"},
    {file = "numpy-2.3.1-cp312-cp312-macosx_11_0_arm64.whl", hash = "sha256:762e0c0c6b56bdedfef9a8e1d4538556438288c4276901ea008ae44091954e29"},
    {file = "numpy-2.3.1-cp312-cp312-macosx_14_0_arm64.whl", hash = "sha256:867ef172a0976aaa1f1d1b63cf2090de8b636a7674607d514505fb7276ab08fc"},
    {file = "numpy-2.3.1-cp312-cp312-macosx_14_0_x86_64.whl", hash = "sha256:4e602e1b8682c2b833af89ba641ad4176053aaa50f5cacda1a27004352dde943"},
    {file = "numpy-2.3.1-cp312-cp312-manylinux_2_28_aarch64.whl", hash = "sha256:8e333040d069eba1652fb08962ec5b76af7f2c7bce1df7e1418c8055cf776f25"},
    {file = "numpy-2.3.1-cp312-cp312-manylinux_2_28_x86_64.whl", hash = "sha256:e7cbf5a5eafd8d230a3ce356d892512185230e4781a361229bd902ff403bc660"},
    {file = "numpy-2.3.1-cp312-cp312-musllinux_1_2_aarch64.whl", hash = "sha256:5f1b8f26d1086835f442286c1d9b64bb3974b0b1e41bb105358fd07d20872952"},
    {file = "numpy-2.3.1-cp312-cp312-musllinux_1_2_x86_64.whl", hash = "sha256:ee8340cb48c9b7a5899d1149eece41ca535513a9698098edbade2a8e7a84da77"},
    {file = "numpy-2.3.1-cp312-cp312-win32.whl", hash = "sha256:e772dda20a6002ef7061713dc1e2585bc1b534e7909b2030b5a46dae8ff077ab"},
    {file = "numpy-2.3.1-cp312-cp312-win_amd64.whl", hash = "sha256:cfecc7822543abdea6de08758091da655ea2210b8ffa1faf116b940693d3df76"},
    {file = "numpy-2.3.1-cp312-cp312-win_arm64.whl", hash = "sha256:7be91b2239af2658653c5bb6f1b8bccafaf08226a258caf78ce44710a0160d30"},
    {file = "numpy-2.3.1-cp313-cp313-macosx_10_13_x86_64.whl", hash = "sha256:25a1992b0a3fdcdaec9f552ef10d8103186f5397ab45e2d25f8ac51b1a6b97e8"},
    {file = "numpy-2.3.1-cp313-cp313-macosx_11_0_arm64.whl", hash = "sha256:7dea630156d39b02a63c18f508f85010230409db5b2927ba59c8ba4ab3e8272e"},
    {file = "numpy-2.3.1-cp313-cp313-macosx_14_0_arm64.whl", hash = "sha256:bada6058dd886061f10ea15f230ccf7dfff40572e99fef440a4a857c8728c9c0"},
    {file = "numpy-2.3.1-cp313-cp313-macosx_14_0_x86_64.whl", hash = "sha256:a894f3816eb17b29e4783e5873f92faf55b710c2519e5c351767c51f79d8526d"},
    {file = "numpy-2.3.1-cp313-cp313-manylinux_2_28_aarch64.whl", hash = "sha256:18703df6c4a4fee55fd3d6e5a253d01c5d33a295409b03fda0c86b3ca2ff41a1"},
    {file = "numpy-2.3.1-cp313-cp313-manylinux_2_28_x86_64.whl", hash = "sha256:5902660491bd7a48b2ec16c23ccb9124b8abfd9583c5fdfa123fe6b421e03de1"},
    {file = "numpy-2.3.1-cp313-cp313-musllinux_1_2_aarch64.whl", hash = "sha256:36890eb9e9d2081137bd78d29050ba63b8dab95dff7912eadf1185e80074b2a0"},
    {file = "numpy-2.3.1-cp313-cp313-musllinux_1_2_x86_64.whl", hash = "sha256:a780033466159c2270531e2b8ac063704592a0bc62ec4a1b991c7c40705eb0e8"},
    {file = "numpy-2.3.1-cp313-cp313-win32.whl", hash = "sha256:39bff12c076812595c3a306f22bfe49919c5513aa1e0e70fac756a0be7c2a2b8"},
    {file = "numpy-2.3.1-cp313-cp313-win_amd64.whl", hash = "sha256:8d5ee6eec45f08ce507a6570e06f2f879b374a552087a4179ea7838edbcbfa42"},
    {file = "numpy-2.3.1-cp313-cp313-win_arm64.whl", hash = "sha256:0c4d9e0a8368db90f93bd192bfa771ace63137c3488d198ee21dfb8e7771916e"},
    {file = "numpy-2.3.1-cp313-cp313t-macosx_10_13_x86_64.whl", hash = "sha256:b0b5397374f32ec0649dd98c652a1798192042e715df918c20672c62fb52d4b8"},
    {file = "numpy-2.3.1-cp313-cp313t-macosx_11_0_arm64.whl", hash = "sha256:c5bdf2015ccfcee8253fb8be695516ac4457c743473a43290fd36eba6a1777eb"},
    {file = "numpy-2.3.1-cp313-cp313t-macosx_14_0_arm64.whl", hash = "sha256:d70f20df7f08b90a2062c1f07737dd340adccf2068d0f1b9b3d56e2038979fee"},
    {file = "numpy-2.3.1-cp313-cp313t-macosx_14_0_x86_64.whl", hash = "sha256:2fb86b7e58f9ac50e1e9dd1290154107e47d1eef23a0ae9145ded06ea606f992"},
    {file = "numpy-2.3.1-cp313-cp313t-manylinux_2_28_aarch64.whl", hash = "sha256:23ab05b2d241f76cb883ce8b9a93a680752fbfcbd51c50eff0b88b979e471d8c"},
    {file = "numpy-2.3.1-cp313-cp313t-manylinux_2_28_x86_64.whl", hash = "sha256:ce2ce9e5de4703a673e705183f64fd5da5bf36e7beddcb63a25ee2286e71ca48"},
    {file = "numpy-2.3.1-cp313-cp313t-musllinux_1_2_aarch64.whl", hash = "sha256:c4913079974eeb5c16ccfd2b1f09354b8fed7e0d6f2cab933104a09a6419b1ee"},
    {file = "numpy-2.3.1-cp313-cp313t-musllinux_1_2_x86_64.whl", hash = "sha256:010ce9b4f00d5c036053ca684c77441f2f2c934fd23bee058b4d6f196efd8280"},
    {file = "numpy-2.3.1-cp313-cp313t-win32.whl", hash = "sha256:6269b9edfe32912584ec496d91b00b6d34282ca1d07eb10e82dfc780907d6c2e"},
    {file = "numpy-2.3.1-cp313-cp313t-win_amd64.whl", hash = "sha256:2a809637460e88a113e186e87f228d74ae2852a2e0c44de275263376f17b5bdc"},
    {file = "numpy-2.3.1-cp313-cp313t-win_arm64.whl", hash = "sha256:eccb9a159db9aed60800187bc47a6d3451553f0e1b08b068d8b277ddfbb9b244"},
    {file = "numpy-2.3.1-pp311-pypy311_pp73-macosx_10_15_x86_64.whl", hash = "sha256:ad506d4b09e684394c42c966ec1527f6ebc25da7f4da4b1b056606ffe446b8a3"},
    {file = "numpy-2.3.1-pp311-pypy311_pp73-macosx_14_0_arm64.whl", hash = "sha256:ebb8603d45bc86bbd5edb0d63e52c5fd9e7945d3a503b77e486bd88dde67a19b"},
    {file = "numpy-2.3.1-pp311-pypy311_pp73-macosx_14_0_x86_64.whl", hash = "sha256:15aa4c392ac396e2ad3d0a2680c0f0dee420f9fed14eef09bdb9450ee6dcb7b7"},
    {file = "numpy-2.3.1-pp311-pypy311_pp73-manylinux_2_28_aarch64.whl", hash = "sha256:c6e0bf9d1a2f50d2b65a7cf56db37c095af17b59f6c132396f7c6d5dd76484df"},
    {file = "numpy-2.3.1-pp311-pypy311_pp73-manylinux_2_28_x86_64.whl", hash = "sha256:eabd7e8740d494ce2b4ea0ff05afa1b7b291e978c0ae075487c51e8bd93c0c68"},
    {file = "numpy-2.3.1-pp311-pypy311_pp73-win_amd64.whl", hash = "sha256:e610832418a2bc09d974cc9fecebfa51e9532d6190223bc5ef6a7402ebf3b5cb"},
    {file = "numpy-2.3.1.tar.gz", hash = "sha256:1ec9ae20a4226da374362cca3c62cd753faf2f951440b0e3b98e93c235441d2b"},
]

[[package]]
name = "pygame"
version = "2.6.1"
description = "Python Game Development"
optional = false
python-versions = ">=3.6"
files = [
    {file = "pygame-2.6.1-cp310-cp310-macosx_10_9_x86_64.whl", hash = "sha256:9beeb647e555afb5657111fa83acb74b99ad88761108eaea66472e8b8547b55b"},
    {file = "pygame-2.6.1-cp310-cp310-macosx_11_0_arm64.whl", hash = "sha256:10e3d2a55f001f6c0a6eb44aa79ea7607091c9352b946692acedb2ac1482f1c9"},
    {file = "pygame-2.6.1-cp310-cp310-manylinux_2_17_aarch64.manylinux2014_aarch64.whl", hash = "sha256:816e85000c5d8b02a42b9834f761a5925ef3377d2924e3a7c4c143d2990ce5b8"},
    {file = "pygame-2.6.1-cp310-cp310-manylinux_2_17_i686.manylinux2014_i686.whl", hash = "sha256:8a78fd030d98faab4a8e27878536fdff7518d3e062a72761c552f624ebba5a5f"},
    {file = "pygame-2.6.1-cp310-cp310-manylinux_2_17_x86_64.manylinux2014_x86_64.whl", hash = "sha256:da3ad64d685f84a34ebe5daacb39fff14f1251acb34c098d760d63fee768f50c"},
    {file = "pygame-2.6.1-cp310-cp310-win32.whl", hash = "sha256:9dd5c054d4bd875a8caf978b82672f02bec332f52a833a76899220c460bb4b58"},
    {file = "pygame-2.6.1-cp310-cp310-win_amd64.whl", hash = "sha256:00827aba089355925902d533f9c41e79a799641f03746c50a374dc5c3362e43d"},
    {file = "pygame-2.6.1-cp311-cp311-macosx_10_9_x86_64.whl", hash = "sha256:20349195326a5e82a16e351ed93465a7845a7e2a9af55b7bc1b2110ea3e344e1"},
    {file = "pygame-2.6.1-cp311-cp311-macosx_11_0_arm64.whl", hash = "sha256:f3935459109da4bb0b3901da9904f0a3e52028a3332a355d298b1673a334cf21"},
    {file = "pygame-2.6.1-cp311-cp311-manylinux_2_17_aarch64.manylinux2014_aarch64.whl", hash = "sha256:c31dbdb5d0217f32764797d21c2752e258e5fb7e895326538d82b5f75a0cd856"},
    {file = "pygame-2.6.1-cp311-cp311-manylinux_2_17_i686.manylinux2014_i686.whl", hash = "sha256:173badf82fa198e6888017bea40f511cb28e69ecdd5a72b214e81e4dcd66c3b1"},
    {file = "pygame-2.6.1-cp311-cp311-manylinux_2_17_x86_64.manylinux2014_x86_64.whl", hash = "sha256:ce8cc108b92de9b149b344ad2e25eedbe773af0dc41dfb24d1f07f679b558c60"},
    {file = "pygame-2.6.1-cp311-cp311-win32.whl", hash = "sha256:811e7b925146d8149d79193652cbb83e0eca0aae66476b1cb310f0f4226b8b5c"},
    {file = "pygame-2.6.1-cp311-cp311-win_amd64.whl", hash = "sha256:91476902426facd4bb0dad4dc3b2573bc82c95c71b135e0daaea072ed528d299"},
    {file = "pygame-2.6.1-cp312-cp312-macosx_10_9_x86_64.whl", hash = "sha256:4ee7f2771f588c966fa2fa8b829be26698c9b4836f82ede5e4edc1a68594942e"},
    {file = "pygame-2.6.1-cp312-cp312-macosx_11_0_arm64.whl", hash = "sha256:c8040ea2ab18c6b255af706ec01355c8a6b08dc48d77fd4ee783f8fc46a843bf"},
    {file = "pygame-2.6.1-cp312-cp312-manylinux_2_17_aarch64.manylinux2014_aarch64.whl", hash = "sha256:c47a6938de93fa610accd4969e638c2aebcb29b2fca518a84c3a39d91ab47116"},
    {file = "pygame-2.6.1-cp312-cp312-manylinux_2_17_i686.manylinux2014_i686.whl", hash = "sha256:33006f784e1c7d7e466fcb61d5489da59cc5f7eb098712f792a225df1d4e229d"},
    {file = "pygame-2.6.1-cp312-cp312-manylinux_2_17_x86_64.manylinux2014_x86_64.whl", hash = "sha256:1206125f14cae22c44565c9d333607f1d9f59487b1f1432945dfc809aeaa3e88"},
    {file = "pygame-2.6.1-cp312-cp312-win32.whl", hash = "sha256:84fc4054e25262140d09d39e094f6880d730199710829902f0d8ceae0213379e"},
    {file = "pygame-2.6.1-cp312-cp312-win_amd64.whl", hash = "sha256:3a9e7396be0d9633831c3f8d5d82dd63ba373ad65599628294b7a4f8a5a01a65"},
    {file = "pygame-2.6.1-cp313-cp313-macosx_10_13_x86_64.whl", hash = "sha256:ae6039f3a55d800db80e8010f387557b528d34d534435e0871326804df2a62f2"},
    {file = "pygame-2.6.1-cp313-cp313-macosx_11_0_arm64.whl", hash = "sha256:2a3a1288e2e9b1e5834e425bedd5ba01a3cd4902b5c2bff8ed4a740ccfe98171"},
    {file = "pygame-2.6.1-cp313-cp313-manylinux_2_17_aarch64.manylinux2014_aarch64.whl", hash = "sha256:27eb17e3dc9640e4b4683074f1890e2e879827447770470c2aba9f125f74510b"},
    {file = "pygame-2.6.1-cp313-cp313-manylinux_2_17_i686.manylinux2014_i686.whl", hash = "sha256:4c1623180e70a03c4a734deb9bac50fc9c82942ae84a3a220779062128e75f3b"},
    {file = "pygame-2.6.1-cp313-cp313-manylinux_2_17_x86_64.manylinux2014_x86_64.whl", hash = "sha256:ef07c0103d79492c21fced9ad68c11c32efa6801ca1920ebfd0f15fb46c78b1c"},
    {file = "pygame-2.6.1-cp313-cp313-win32.whl", hash = "sha256:3acd8c009317190c2bfd81db681ecef47d5eb108c2151d09596d9c7ea9df5c0e"},
    {file = "pygame-2.6.1-cp313-cp313-win_amd64.whl", hash = "sha256:813af4fba5d0b2cb8e58f5d95f7910295c34067dcc290d34f1be59c48bd1ea6a"},
    {file = "pygame-2.6.1-cp36-cp36m-macosx_10_9_x86_64.whl", hash = "sha256:56ffca6059b165bbf64f4b4be23b8068f6a0e220780e4f96ec0bb5ac3c63ec39"},
    {file = "pygame-2.6.1-cp36-cp36m-manylinux_2_17_aarch64.manylinux2014_aarch64.whl", hash = "sha256:3bede70ec708057e305815d6546012669226d1d80566785feca9b044216062e7"},
    {file = "pygame-2.6.1-cp36-cp36m-manylinux_2_17_i686.manylinux2014_i686.whl", hash = "sha256:f84f15d146d6aa93254008a626c56ef96fed276006202881a47b29757f0cd65a"},
    {file = "pygame-2.6.1-cp36-cp36m-manylinux_2_17_x86_64.manylinux2014_x86_64.whl", hash = "sha256:14f9dda45469b254c0f15edaaeaa85d2cc072ff6a83584a265f5d684c7f7efd8"},
    {file = "pygame-2.6.1-cp36-cp36m-win32.whl", hash = "sha256:28b43190436037e428a5be28fc80cf6615304fd528009f2c688cc828f4ff104b"},
    {file = "pygame-2.6.1-cp36-cp36m-win_amd64.whl", hash = "sha256:a4b8f04fceddd9a3ac30778d11f0254f59efcd1c382d5801271113cea8b4f2f3"},
    {file = "pygame-2.6.1-cp37-cp37m-macosx_10_9_x86_64.whl", hash = "sha256:a620883d589926f157b8f1d1f543183ac52e5c30507dea445e3927ae0bee1c54"},
    {file = "pygame-2.6.1-cp37-cp37m-manylinux_2_17_aarch64.manylinux2014_aarch64.whl", hash = "sha256:b46e68cd168f44d0224c670bb72186688fc692d7079715f79d04096757d703d0"},
    {file = "pygame-2.6.1-cp37-cp37m-manylinux_2_17_i686.manylinux2014_i686.whl", hash = "sha256:c0b11356ac96261162d54a2c2b41a41978f00525631b01ec9c4fe26b01c66595"},
    {file = "pygame-2.6.1-cp37-cp37m-manylinux_2_17_x86_64.manylinux2014_x86_64.whl", hash = "sha256:325a84d072d52e3c2921eff02f87c6a74b7e77d71db3bdf53801c6c975f1b6c4"},
    {file = "pygame-2.6.1-cp37-cp37m-win32.whl", hash = "sha256:2a615d78b2364e86f541458ff41c2a46181b9a1e9eabd97b389282fdf04efbb3"},
    {file = "pygame-2.6.1-cp37-cp37m-win_amd64.whl", hash = "sha256:94afd1177680d92f9214c54966ad3517d18210c4fbc5d84a0192d218e93647e0"},
    {file = "pygame-2.6.1-cp38-cp38-macosx_10_9_x86_64.whl", hash = "sha256:97ac4e13847b6b293ecaffa5ffce9886c98d09c03309406931cc592f0cea6366"},
    {file = "pygame-2.6.1-cp38-cp38-macosx_11_0_arm64.whl", hash = "sha256:d1a7f2b66ac2e4c9583b6d4c6d6f346fb10a3392c04163f537061f86a448ed5c"},
    {file = "pygame-2.6.1-cp38-cp38-manylinux_2_17_aarch64.manylinux2014_aarch64.whl", hash = "sha256:ac3f033d2be4a9e23660a96afe2986df3a6916227538a6a0061bc218c5088507"},
    {file = "pygame-2.6.1-cp38-cp38-manylinux_2_17_i686.manylinux2014_i686.whl", hash = "sha256:a1bf7ab5311bbced70320f1a56701650b4c18231343ae5af42111eea91e0949a"},
    {file = "pygame-2.6.1-cp38-cp38-manylinux_2_17_x86_64.manylinux2014_x86_64.whl", hash = "sha256:21160d9093533eb831f1b708e630706e5ac16b30750571ec27bc3b8364814f38"},
    {file = "pygame-2.6.1-cp38-cp38-win32.whl", hash = "sha256:7bffdd3eaf394d9645331d1c3a5df9d782ebcc3c5a78f3b657c7879a828dd111"},
    {file = "pygame-2.6.1-cp38-cp38-win_amd64.whl", hash = "sha256:818b4eaec9c4acb6ac64805d4ca8edd4062bebca77bd815c18739fe2842c97e9"},
    {file = "pygame-2.6.1-cp39-cp39-macosx_10_9_x86_64.whl", hash = "sha256:15efaa11a80a65dd589a95bebe812fa5bfc7e14946b638a424c5bd9ac6cca1a4"},
    {file = "pygame-2.6.1-cp39-cp39-macosx_11_0_arm64.whl", hash = "sha256:481cfe1bdbb7fe00acc5950c494c26f00240888619bdc396fc8c39a734797432"},
    {file = "pygame-2.6.1-cp39-cp39-manylinux_2_17_aarch64.manylinux2014_aarch64.whl", hash = "sha256:5d09fd950725d187aa5207c0cb8eb9ab0d2f8ce9ab8d189c30eeb470e71b617e"},
    {file = "pygame-2.6.1-cp39-cp39-manylinux_2_17_i686.manylinux2014_i686.whl", hash = "sha256:163e66de169bd5670c86e27d0b74aad0d2d745e3b63cf4e7eb5b2bff1231ca8d"},
    {file = "pygame-2.6.1-cp39-cp39-manylinux_2_17_x86_64.manylinux2014_x86_64.whl", hash = "sha256:fb6e8d0547f30ddc845f4fd1e33070ef548233ad0dbf21f7ecea768883d1bbdc"},
    {file = "pygame-2.6.1-cp39-cp39-win32.whl", hash = "sha256:d29eb9a93f12aa3d997b6e3c447ac85b2a4b142ab2548441523a8fcf5e216042"},
    {file = "pygame-2.6.1-cp39-cp39-win_amd64.whl", hash = "sha256:6582aa71a681e02e55d43150a9ab41394e6bf4d783d2962a10aea58f424be060"},
    {file = "pygame-2.6.1-pp36-pypy36_pp73-win32.whl", hash = "sha256:4a8ea113b1bf627322a025a1a5a87e3818a7f55ab3a4077ff1ae5c8c60576614"},
    {file = "pygame-2.6.1-pp38-pypy38_pp73-macosx_10_9_x86_64.whl", hash = "sha256:b7f9f8e6f76de36f4725175d686601214af362a4f30614b4dae2240198e72e6f"},
    {file = "pygame-2.6.1-pp39-pypy39_pp73-macosx_10_15_x86_64.whl", hash = "sha256:bbb7167c92103a2091366e9af26d4914ba3776666e8677d3c93551353fffa626"},
    {file = "pygame-2.6.1-pp39-pypy39_pp73-manylinux_2_17_i686.manylinux2014_i686.whl", hash = "sha256:17498a2b043bc0e795faedef1b081199c688890200aef34991c1941caa2d2c89"},
    {file = "pygame-2.6.1-pp39-pypy39_pp73-manylinux_2_17_x86_64.manylinux2014_x86_64.whl", hash = "sha256:7103c60939bbc1e05cfc7ba3f1d2ad3bbf103b7828b82a7166a9ab6f51950146"},
    {file = "pygame-2.6.1.tar.gz", hash = "sha256:56fb02ead529cee00d415c3e007f75e0780c655909aaa8e8bf616ee09c9feb1f"},
]

[metadata]
lock-version = "2.0"
python-versions = "^3.13"
content-hash = "45c04a13ad854de0da68a7494c1957dfa8ce615d4f1280f4570fccf98b6585aa"
